
Microsoft Visual Studio Solution File, Format Version 12.00
# Visual Studio 15
VisualStudioVersion = 15.0.28307.106
MinimumVisualStudioVersion = 10.0.40219.1
Project("{8BC9CEB8-8B4A-11D0-8D11-00A0C91BC942}") = "ConsoleApplication24", "ConsoleApplication24\ConsoleApplication24.vcxproj", "{03F3C37A-E9C9-4443-A875-FDED271981E1}"
EndProject
Global
	GlobalSection(SolutionConfigurationPlatforms) = preSolution
		Debug|x64 = Debug|x64
		Debug|x86 = Debug|x86
		Release|x64 = Release|x64
		Release|x86 = Release|x86
	EndGlobalSection
	GlobalSection(ProjectConfigurationPlatforms) = postSolution
		{03F3C37A-E9C9-4443-A875-FDED271981E1}.Debug|x64.ActiveCfg = Debug|x64
		{03F3C37A-E9C9-4443-A875-FDED271981E1}.Debug|x64.Build.0 = Debug|x64
		{03F3C37A-E9C9-4443-A875-FDED271981E1}.Debug|x86.ActiveCfg = Debug|Win32
		{03F3C37A-E9C9-4443-A875-FDED271981E1}.Debug|x86.Build.0 = Debug|Win32
		{03F3C37A-E9C9-4443-A875-FDED271981E1}.Release|x64.ActiveCfg = Release|x64
		{03F3C37A-E9C9-4443-A875-FDED271981E1}.Release|x64.Build.0 = Release|x64
		{03F3C37A-E9C9-4443-A875-FDED271981E1}.Release|x86.ActiveCfg = Release|Win32
		{03F3C37A-E9C9-4443-A875-FDED271981E1}.Release|x86.Build.0 = Release|Win32
	EndGlobalSection
	GlobalSection(SolutionProperties) = preSolution
		HideSolutionNode = FALSE
	EndGlobalSection
	GlobalSection(ExtensibilityGlobals) = postSolution
		SolutionGuid = {B79877E7-E370-4169-B596-FBF4750EB02C}
	EndGlobalSection
EndGlobal
